// !$*UTF8*$!
{
	archiveVersion = 1;
	classes = {
	};
	objectVersion = 53;
	objects = {

/* Begin PBXBuildFile section */
		500627262A77FE5600357F9C /* SpacedRepetitionScheduler.swift in Sources */ = {isa = PBXBuildFile; fileRef = 500627252A77FE5600357F9C /* SpacedRepetitionScheduler.swift */; };
		500C152F29B541CF0017ABA0 /* AppIcon.swift in Sources */ = {isa = PBXBuildFile; fileRef = 500C152E29B541CF0017ABA0 /* AppIcon.swift */; };
		500EA5262871F90A005A2C83 /* PlayView.swift in Sources */ = {isa = PBXBuildFile; fileRef = 500EA5252871F90A005A2C83 /* PlayView.swift */; };
		500EA5282871FD33005A2C83 /* Background.swift in Sources */ = {isa = PBXBuildFile; fileRef = 500EA5272871FD33005A2C83 /* Background.swift */; };
		500EA52A287200E9005A2C83 /* CardListView.swift in Sources */ = {isa = PBXBuildFile; fileRef = 500EA529287200E9005A2C83 /* CardListView.swift */; };
		500EB4C3289FFDEE000A59F7 /* NoCard.swift in Sources */ = {isa = PBXBuildFile; fileRef = 500EB4C2289FFDEE000A59F7 /* NoCard.swift */; };
		500ED8E229059AE700EB4D59 /* NotificationHandler.swift in Sources */ = {isa = PBXBuildFile; fileRef = 500ED8E129059AE600EB4D59 /* NotificationHandler.swift */; };
		500ED8E429059EFE00EB4D59 /* NotificationsView.swift in Sources */ = {isa = PBXBuildFile; fileRef = 500ED8E329059EFE00EB4D59 /* NotificationsView.swift */; };
		5014D5432A3F971000253FD2 /* PlaySettingsView.swift in Sources */ = {isa = PBXBuildFile; fileRef = 5014D5422A3F971000253FD2 /* PlaySettingsView.swift */; };
		5014D5472A3F9EAB00253FD2 /* HalfSheet.swift in Sources */ = {isa = PBXBuildFile; fileRef = 5014D5462A3F9EAB00253FD2 /* HalfSheet.swift */; };
		5014D5492A3F9F2900253FD2 /* HalfSheetController.swift in Sources */ = {isa = PBXBuildFile; fileRef = 5014D5482A3F9F2900253FD2 /* HalfSheetController.swift */; };
		5014D54D2A536CE900253FD2 /* SearchBar.swift in Sources */ = {isa = PBXBuildFile; fileRef = 5014D54C2A536CE800253FD2 /* SearchBar.swift */; };
		50168BD52882209500ABF8EF /* DeckListView.swift in Sources */ = {isa = PBXBuildFile; fileRef = 50168BD42882209500ABF8EF /* DeckListView.swift */; };
		50168BD82883204300ABF8EF /* Deck+Extensions.swift in Sources */ = {isa = PBXBuildFile; fileRef = 50168BD72883204300ABF8EF /* Deck+Extensions.swift */; };
		50168BDA28834ECE00ABF8EF /* DeckFormView.swift in Sources */ = {isa = PBXBuildFile; fileRef = 50168BD928834ECD00ABF8EF /* DeckFormView.swift */; };
		50168BDD2883544900ABF8EF /* ViewExtensions.swift in Sources */ = {isa = PBXBuildFile; fileRef = 50168BDC2883544900ABF8EF /* ViewExtensions.swift */; };
		50168BDF28835B8700ABF8EF /* Card+Extensions.swift in Sources */ = {isa = PBXBuildFile; fileRef = 50168BDE28835B8700ABF8EF /* Card+Extensions.swift */; };
		505D848E2842D57900AEC836 /* StickiesApp.swift in Sources */ = {isa = PBXBuildFile; fileRef = 505D848D2842D57900AEC836 /* StickiesApp.swift */; };
		505D84922842D57D00AEC836 /* Assets.xcassets in Resources */ = {isa = PBXBuildFile; fileRef = 505D84912842D57D00AEC836 /* Assets.xcassets */; };
		505D84952842D57D00AEC836 /* Preview Assets.xcassets in Resources */ = {isa = PBXBuildFile; fileRef = 505D84942842D57D00AEC836 /* Preview Assets.xcassets */; };
		505EE0892A7AFCE6000C69B0 /* SpacedRepetitionSchedulerTests.swift in Sources */ = {isa = PBXBuildFile; fileRef = 505EE0882A7AFCE6000C69B0 /* SpacedRepetitionSchedulerTests.swift */; };
		505EE0902A7B00D1000C69B0 /* TestCoreDataStack.swift in Sources */ = {isa = PBXBuildFile; fileRef = 505EE08F2A7B00D0000C69B0 /* TestCoreDataStack.swift */; };
		505EE0922A7B0B3F000C69B0 /* TimeIntervalExtensions.swift in Sources */ = {isa = PBXBuildFile; fileRef = 505EE0912A7B0B3F000C69B0 /* TimeIntervalExtensions.swift */; };
		5060F52B285D187A004E9142 /* CardFormView.swift in Sources */ = {isa = PBXBuildFile; fileRef = 5060F52A285D187A004E9142 /* CardFormView.swift */; };
		506F9AC229E0256400197C3F /* BarChartView.swift in Sources */ = {isa = PBXBuildFile; fileRef = 506F9AB529E0256400197C3F /* BarChartView.swift */; };
		506F9AC629E0256400197C3F /* LineChartView.swift in Sources */ = {isa = PBXBuildFile; fileRef = 506F9ABA29E0256400197C3F /* LineChartView.swift */; };
		506F9AC729E0256400197C3F /* LineChartData.swift in Sources */ = {isa = PBXBuildFile; fileRef = 506F9ABB29E0256400197C3F /* LineChartData.swift */; };
		506F9AC829E0256400197C3F /* LineView.swift in Sources */ = {isa = PBXBuildFile; fileRef = 506F9ABD29E0256400197C3F /* LineView.swift */; };
		506F9AC929E0256400197C3F /* LinePath.swift in Sources */ = {isa = PBXBuildFile; fileRef = 506F9ABE29E0256400197C3F /* LinePath.swift */; };
		506F9ACA29E0256400197C3F /* ChartIndicatorPoint.swift in Sources */ = {isa = PBXBuildFile; fileRef = 506F9ABF29E0256400197C3F /* ChartIndicatorPoint.swift */; };
		506F9ACB29E0256400197C3F /* ChartLabels.swift in Sources */ = {isa = PBXBuildFile; fileRef = 506F9AC029E0256400197C3F /* ChartLabels.swift */; };
		506F9ACC29E0256400197C3F /* LineChartParameters.swift in Sources */ = {isa = PBXBuildFile; fileRef = 506F9AC129E0256400197C3F /* LineChartParameters.swift */; };
		506F9ACE29E028CA00197C3F /* CardsPlayedBarChart.swift in Sources */ = {isa = PBXBuildFile; fileRef = 506F9ACD29E028CA00197C3F /* CardsPlayedBarChart.swift */; };
		507B4A99292C0DAB00FC97AF /* VoiceRecorderManager.swift in Sources */ = {isa = PBXBuildFile; fileRef = 507B4A98292C0DAA00FC97AF /* VoiceRecorderManager.swift */; };
		507B4A9B292C0F0400FC97AF /* Recording.swift in Sources */ = {isa = PBXBuildFile; fileRef = 507B4A9A292C0F0400FC97AF /* Recording.swift */; };
		507C2CF929B90AC6001A9DAC /* GroupBoxLink.swift in Sources */ = {isa = PBXBuildFile; fileRef = 507C2CF829B90AC6001A9DAC /* GroupBoxLink.swift */; };
		507C6B5729AA8FD000B39734 /* SequenceExtensions.swift in Sources */ = {isa = PBXBuildFile; fileRef = 507C6B5629AA8FD000B39734 /* SequenceExtensions.swift */; };
		507C6B5929AA973400B39734 /* Constants.swift in Sources */ = {isa = PBXBuildFile; fileRef = 507C6B5829AA973400B39734 /* Constants.swift */; };
		507C6B5B29AA9FD200B39734 /* HearPronunciationButton.swift in Sources */ = {isa = PBXBuildFile; fileRef = 507C6B5A29AA9FD200B39734 /* HearPronunciationButton.swift */; };
		5083796128907719001F78AB /* CardConstants.swift in Sources */ = {isa = PBXBuildFile; fileRef = 5083796028907718001F78AB /* CardConstants.swift */; };
		508379632890798E001F78AB /* PlayViewModel.swift in Sources */ = {isa = PBXBuildFile; fileRef = 508379622890798E001F78AB /* PlayViewModel.swift */; };
		508BB43729AD0E9000DA8EAD /* NetworkErrors.swift in Sources */ = {isa = PBXBuildFile; fileRef = 508BB43629AD0E9000DA8EAD /* NetworkErrors.swift */; };
		508BB43929AD5B4E00DA8EAD /* TranslationSettingsView.swift in Sources */ = {isa = PBXBuildFile; fileRef = 508BB43829AD5B4E00DA8EAD /* TranslationSettingsView.swift */; };
		508BB43B29AD5FD100DA8EAD /* SecretTextField.swift in Sources */ = {isa = PBXBuildFile; fileRef = 508BB43A29AD5FD100DA8EAD /* SecretTextField.swift */; };
		508BB43F29AD706200DA8EAD /* TextFieldWithDebounce.swift in Sources */ = {isa = PBXBuildFile; fileRef = 508BB43E29AD706200DA8EAD /* TextFieldWithDebounce.swift */; };
		508BB44129AD753500DA8EAD /* StringExtensions.swift in Sources */ = {isa = PBXBuildFile; fileRef = 508BB44029AD753500DA8EAD /* StringExtensions.swift */; };
		508C77F928D129CC009031C7 /* AudioManager.swift in Sources */ = {isa = PBXBuildFile; fileRef = 508C77F828D129CC009031C7 /* AudioManager.swift */; };
		508DC00729C3DB7800C657ED /* CardsPlayedLineChart.swift in Sources */ = {isa = PBXBuildFile; fileRef = 508DC00629C3DB7800C657ED /* CardsPlayedLineChart.swift */; };
		508DC00929C3DE0E00C657ED /* CardEntry+Extensions.swift in Sources */ = {isa = PBXBuildFile; fileRef = 508DC00829C3DE0E00C657ED /* CardEntry+Extensions.swift */; };
		508DC00B29C4790700C657ED /* DateExtensions.swift in Sources */ = {isa = PBXBuildFile; fileRef = 508DC00A29C4790600C657ED /* DateExtensions.swift */; };
		508DC00D29C4D4BF00C657ED /* AnalyticsSettingsView.swift in Sources */ = {isa = PBXBuildFile; fileRef = 508DC00C29C4D4BE00C657ED /* AnalyticsSettingsView.swift */; };
		508DC00F29C4DA8E00C657ED /* NSManagedObjectContextExtensions.swift in Sources */ = {isa = PBXBuildFile; fileRef = 508DC00E29C4DA8D00C657ED /* NSManagedObjectContextExtensions.swift */; };
		508FFD2C29AA5AB70084B7D4 /* SpeechSynthesiser.swift in Sources */ = {isa = PBXBuildFile; fileRef = 508FFD2B29AA5AB70084B7D4 /* SpeechSynthesiser.swift */; };
		508FFD2E29AA5F860084B7D4 /* WeekDayToggle.swift in Sources */ = {isa = PBXBuildFile; fileRef = 508FFD2D29AA5F860084B7D4 /* WeekDayToggle.swift */; };
		508FFD3129AA60500084B7D4 /* WeekDay.swift in Sources */ = {isa = PBXBuildFile; fileRef = 508FFD3029AA60500084B7D4 /* WeekDay.swift */; };
		508FFD3329AA6C3D0084B7D4 /* SpeechSettingsView.swift in Sources */ = {isa = PBXBuildFile; fileRef = 508FFD3229AA6C3D0084B7D4 /* SpeechSettingsView.swift */; };
		508FFD3529AA7AFC0084B7D4 /* SpeechSynthesizerExtensions.swift in Sources */ = {isa = PBXBuildFile; fileRef = 508FFD3429AA7AFC0084B7D4 /* SpeechSynthesizerExtensions.swift */; };
		5090B5E129B7F3CB008FD635 /* DataModel.xcdatamodeld in Sources */ = {isa = PBXBuildFile; fileRef = 5090B5DF29B7F3CB008FD635 /* DataModel.xcdatamodeld */; };
		5090B5E529B7FBF7008FD635 /* DeckListPreview.swift in Sources */ = {isa = PBXBuildFile; fileRef = 5090B5E429B7FBF7008FD635 /* DeckListPreview.swift */; };
		50A5399F28E0B46C002E06AA /* InfoCardView.swift in Sources */ = {isa = PBXBuildFile; fileRef = 50A5399E28E0B46C002E06AA /* InfoCardView.swift */; };
		50A6DFEC2A59DFC9005E21B4 /* SettingsView.swift in Sources */ = {isa = PBXBuildFile; fileRef = 50A6DFEB2A59DFC9005E21B4 /* SettingsView.swift */; };
		50A6DFEE2A59E63C005E21B4 /* ColorfulIconLabelStyle.swift in Sources */ = {isa = PBXBuildFile; fileRef = 50A6DFED2A59E63C005E21B4 /* ColorfulIconLabelStyle.swift */; };
		50ADCCEB29F1DCE300A924FD /* SearchCardsView.swift in Sources */ = {isa = PBXBuildFile; fileRef = 50ADCCEA29F1DCE300A924FD /* SearchCardsView.swift */; };
		50AECFB929E3593500B80AF0 /* ShuffleMode.swift in Sources */ = {isa = PBXBuildFile; fileRef = 50AECFB829E3593500B80AF0 /* ShuffleMode.swift */; };
		50AECFBF29E3671900B80AF0 /* PlaySetupView.swift in Sources */ = {isa = PBXBuildFile; fileRef = 50AECFBE29E3671900B80AF0 /* PlaySetupView.swift */; };
		50AECFC529E4995400B80AF0 /* DateIntervalExtensions.swift in Sources */ = {isa = PBXBuildFile; fileRef = 50AECFC429E4995400B80AF0 /* DateIntervalExtensions.swift */; };
		50CC08B3284EA7FA00678A3E /* DataController.swift in Sources */ = {isa = PBXBuildFile; fileRef = 50CC08B2284EA7FA00678A3E /* DataController.swift */; };
		50CC08B5284EAF1B00678A3E /* CardFront.swift in Sources */ = {isa = PBXBuildFile; fileRef = 50CC08B4284EAF1B00678A3E /* CardFront.swift */; };
		50D6F70329EB193500511B25 /* SectionList.swift in Sources */ = {isa = PBXBuildFile; fileRef = 50D6F70229EB193500511B25 /* SectionList.swift */; };
		50D97F5629AC160E00113CFF /* TranslateManager.swift in Sources */ = {isa = PBXBuildFile; fileRef = 50D97F5529AC160D00113CFF /* TranslateManager.swift */; };
		50E8A7E928DF8675003421B1 /* SimpleCardListView.swift in Sources */ = {isa = PBXBuildFile; fileRef = 50E8A7E828DF8675003421B1 /* SimpleCardListView.swift */; };
		50FA861A2A882F47006475F0 /* CustomShareSheet.swift in Sources */ = {isa = PBXBuildFile; fileRef = 50FA86192A882F47006475F0 /* CustomShareSheet.swift */; };
		50FA86292A8837A2006475F0 /* CardDto.swift in Sources */ = {isa = PBXBuildFile; fileRef = 50FA86282A8837A2006475F0 /* CardDto.swift */; };
		50FA862B2A8837AE006475F0 /* DeckDto.swift in Sources */ = {isa = PBXBuildFile; fileRef = 50FA862A2A8837AE006475F0 /* DeckDto.swift */; };
		50FE96D42A798BEF002842CF /* Review.swift in Sources */ = {isa = PBXBuildFile; fileRef = 50FE96D32A798BEF002842CF /* Review.swift */; };
		50FE96D62A798C57002842CF /* Scheduler.swift in Sources */ = {isa = PBXBuildFile; fileRef = 50FE96D52A798C57002842CF /* Scheduler.swift */; };
		50FE96D82A798D4B002842CF /* Shuffler.swift in Sources */ = {isa = PBXBuildFile; fileRef = 50FE96D72A798D4B002842CF /* Shuffler.swift */; };
		50FE96DB2A79B1E7002842CF /* SchedulerSettingsView.swift in Sources */ = {isa = PBXBuildFile; fileRef = 50FE96DA2A79B1E7002842CF /* SchedulerSettingsView.swift */; };
		50FEF01C284D594600FA8373 /* CardBack.swift in Sources */ = {isa = PBXBuildFile; fileRef = 50FEF018284D594600FA8373 /* CardBack.swift */; };
		50FEF01D284D594700FA8373 /* CardView.swift in Sources */ = {isa = PBXBuildFile; fileRef = 50FEF019284D594600FA8373 /* CardView.swift */; };
		50FEF01E284D594700FA8373 /* StickiesView.swift in Sources */ = {isa = PBXBuildFile; fileRef = 50FEF01A284D594600FA8373 /* StickiesView.swift */; };
		50FEF01F284D594700FA8373 /* AspectListView.swift in Sources */ = {isa = PBXBuildFile; fileRef = 50FEF01B284D594600FA8373 /* AspectListView.swift */; };
/* End PBXBuildFile section */

/* Begin PBXContainerItemProxy section */
		505EE08A2A7AFCE6000C69B0 /* PBXContainerItemProxy */ = {
			isa = PBXContainerItemProxy;
			containerPortal = 505D84822842D57900AEC836 /* Project object */;
			proxyType = 1;
			remoteGlobalIDString = 505D84892842D57900AEC836;
			remoteInfo = Stickies;
		};
/* End PBXContainerItemProxy section */

/* Begin PBXFileReference section */
		500627252A77FE5600357F9C /* SpacedRepetitionScheduler.swift */ = {isa = PBXFileReference; lastKnownFileType = sourcecode.swift; path = SpacedRepetitionScheduler.swift; sourceTree = "<group>"; };
		500C152E29B541CF0017ABA0 /* AppIcon.swift */ = {isa = PBXFileReference; lastKnownFileType = sourcecode.swift; path = AppIcon.swift; sourceTree = "<group>"; };
		500EA5252871F90A005A2C83 /* PlayView.swift */ = {isa = PBXFileReference; lastKnownFileType = sourcecode.swift; path = PlayView.swift; sourceTree = "<group>"; };
		500EA5272871FD33005A2C83 /* Background.swift */ = {isa = PBXFileReference; lastKnownFileType = sourcecode.swift; path = Background.swift; sourceTree = "<group>"; };
		500EA529287200E9005A2C83 /* CardListView.swift */ = {isa = PBXFileReference; lastKnownFileType = sourcecode.swift; path = CardListView.swift; sourceTree = "<group>"; };
		500EB4C2289FFDEE000A59F7 /* NoCard.swift */ = {isa = PBXFileReference; lastKnownFileType = sourcecode.swift; path = NoCard.swift; sourceTree = "<group>"; };
		500ED8E129059AE600EB4D59 /* NotificationHandler.swift */ = {isa = PBXFileReference; lastKnownFileType = sourcecode.swift; path = NotificationHandler.swift; sourceTree = "<group>"; };
		500ED8E329059EFE00EB4D59 /* NotificationsView.swift */ = {isa = PBXFileReference; lastKnownFileType = sourcecode.swift; path = NotificationsView.swift; sourceTree = "<group>"; };
		5014D5422A3F971000253FD2 /* PlaySettingsView.swift */ = {isa = PBXFileReference; lastKnownFileType = sourcecode.swift; path = PlaySettingsView.swift; sourceTree = "<group>"; };
		5014D5462A3F9EAB00253FD2 /* HalfSheet.swift */ = {isa = PBXFileReference; lastKnownFileType = sourcecode.swift; path = HalfSheet.swift; sourceTree = "<group>"; };
		5014D5482A3F9F2900253FD2 /* HalfSheetController.swift */ = {isa = PBXFileReference; lastKnownFileType = sourcecode.swift; path = HalfSheetController.swift; sourceTree = "<group>"; };
		5014D54C2A536CE800253FD2 /* SearchBar.swift */ = {isa = PBXFileReference; lastKnownFileType = sourcecode.swift; path = SearchBar.swift; sourceTree = "<group>"; };
		50168BD42882209500ABF8EF /* DeckListView.swift */ = {isa = PBXFileReference; lastKnownFileType = sourcecode.swift; path = DeckListView.swift; sourceTree = "<group>"; };
		50168BD72883204300ABF8EF /* Deck+Extensions.swift */ = {isa = PBXFileReference; lastKnownFileType = sourcecode.swift; path = "Deck+Extensions.swift"; sourceTree = "<group>"; };
		50168BD928834ECD00ABF8EF /* DeckFormView.swift */ = {isa = PBXFileReference; lastKnownFileType = sourcecode.swift; path = DeckFormView.swift; sourceTree = "<group>"; };
		50168BDC2883544900ABF8EF /* ViewExtensions.swift */ = {isa = PBXFileReference; lastKnownFileType = sourcecode.swift; path = ViewExtensions.swift; sourceTree = "<group>"; };
		50168BDE28835B8700ABF8EF /* Card+Extensions.swift */ = {isa = PBXFileReference; lastKnownFileType = sourcecode.swift; path = "Card+Extensions.swift"; sourceTree = "<group>"; };
		505D848A2842D57900AEC836 /* Stickies.app */ = {isa = PBXFileReference; explicitFileType = wrapper.application; includeInIndex = 0; path = Stickies.app; sourceTree = BUILT_PRODUCTS_DIR; };
		505D848D2842D57900AEC836 /* StickiesApp.swift */ = {isa = PBXFileReference; lastKnownFileType = sourcecode.swift; path = StickiesApp.swift; sourceTree = "<group>"; };
		505D84912842D57D00AEC836 /* Assets.xcassets */ = {isa = PBXFileReference; lastKnownFileType = folder.assetcatalog; path = Assets.xcassets; sourceTree = "<group>"; };
		505D84942842D57D00AEC836 /* Preview Assets.xcassets */ = {isa = PBXFileReference; lastKnownFileType = folder.assetcatalog; path = "Preview Assets.xcassets"; sourceTree = "<group>"; };
		505D84962842D57D00AEC836 /* Info.plist */ = {isa = PBXFileReference; lastKnownFileType = text.plist.xml; path = Info.plist; sourceTree = "<group>"; };
		505EE0862A7AFCE6000C69B0 /* StickiesTests.xctest */ = {isa = PBXFileReference; explicitFileType = wrapper.cfbundle; includeInIndex = 0; path = StickiesTests.xctest; sourceTree = BUILT_PRODUCTS_DIR; };
		505EE0882A7AFCE6000C69B0 /* SpacedRepetitionSchedulerTests.swift */ = {isa = PBXFileReference; lastKnownFileType = sourcecode.swift; path = SpacedRepetitionSchedulerTests.swift; sourceTree = "<group>"; };
		505EE08F2A7B00D0000C69B0 /* TestCoreDataStack.swift */ = {isa = PBXFileReference; lastKnownFileType = sourcecode.swift; path = TestCoreDataStack.swift; sourceTree = "<group>"; };
		505EE0912A7B0B3F000C69B0 /* TimeIntervalExtensions.swift */ = {isa = PBXFileReference; lastKnownFileType = sourcecode.swift; path = TimeIntervalExtensions.swift; sourceTree = "<group>"; };
		5060F52A285D187A004E9142 /* CardFormView.swift */ = {isa = PBXFileReference; lastKnownFileType = sourcecode.swift; path = CardFormView.swift; sourceTree = "<group>"; };
		506F9AB529E0256400197C3F /* BarChartView.swift */ = {isa = PBXFileReference; fileEncoding = 4; lastKnownFileType = sourcecode.swift; path = BarChartView.swift; sourceTree = "<group>"; };
		506F9ABA29E0256400197C3F /* LineChartView.swift */ = {isa = PBXFileReference; fileEncoding = 4; lastKnownFileType = sourcecode.swift; path = LineChartView.swift; sourceTree = "<group>"; };
		506F9ABB29E0256400197C3F /* LineChartData.swift */ = {isa = PBXFileReference; fileEncoding = 4; lastKnownFileType = sourcecode.swift; path = LineChartData.swift; sourceTree = "<group>"; };
		506F9ABD29E0256400197C3F /* LineView.swift */ = {isa = PBXFileReference; fileEncoding = 4; lastKnownFileType = sourcecode.swift; path = LineView.swift; sourceTree = "<group>"; };
		506F9ABE29E0256400197C3F /* LinePath.swift */ = {isa = PBXFileReference; fileEncoding = 4; lastKnownFileType = sourcecode.swift; path = LinePath.swift; sourceTree = "<group>"; };
		506F9ABF29E0256400197C3F /* ChartIndicatorPoint.swift */ = {isa = PBXFileReference; fileEncoding = 4; lastKnownFileType = sourcecode.swift; path = ChartIndicatorPoint.swift; sourceTree = "<group>"; };
		506F9AC029E0256400197C3F /* ChartLabels.swift */ = {isa = PBXFileReference; fileEncoding = 4; lastKnownFileType = sourcecode.swift; path = ChartLabels.swift; sourceTree = "<group>"; };
		506F9AC129E0256400197C3F /* LineChartParameters.swift */ = {isa = PBXFileReference; fileEncoding = 4; lastKnownFileType = sourcecode.swift; path = LineChartParameters.swift; sourceTree = "<group>"; };
		506F9ACD29E028CA00197C3F /* CardsPlayedBarChart.swift */ = {isa = PBXFileReference; lastKnownFileType = sourcecode.swift; path = CardsPlayedBarChart.swift; sourceTree = "<group>"; };
		507B4A98292C0DAA00FC97AF /* VoiceRecorderManager.swift */ = {isa = PBXFileReference; lastKnownFileType = sourcecode.swift; path = VoiceRecorderManager.swift; sourceTree = "<group>"; };
		507B4A9A292C0F0400FC97AF /* Recording.swift */ = {isa = PBXFileReference; lastKnownFileType = sourcecode.swift; path = Recording.swift; sourceTree = "<group>"; };
		507C2CF829B90AC6001A9DAC /* GroupBoxLink.swift */ = {isa = PBXFileReference; lastKnownFileType = sourcecode.swift; path = GroupBoxLink.swift; sourceTree = "<group>"; };
		507C6B5629AA8FD000B39734 /* SequenceExtensions.swift */ = {isa = PBXFileReference; lastKnownFileType = sourcecode.swift; path = SequenceExtensions.swift; sourceTree = "<group>"; };
		507C6B5829AA973400B39734 /* Constants.swift */ = {isa = PBXFileReference; lastKnownFileType = sourcecode.swift; path = Constants.swift; sourceTree = "<group>"; };
		507C6B5A29AA9FD200B39734 /* HearPronunciationButton.swift */ = {isa = PBXFileReference; lastKnownFileType = sourcecode.swift; path = HearPronunciationButton.swift; sourceTree = "<group>"; };
		5083796028907718001F78AB /* CardConstants.swift */ = {isa = PBXFileReference; lastKnownFileType = sourcecode.swift; path = CardConstants.swift; sourceTree = "<group>"; };
		508379622890798E001F78AB /* PlayViewModel.swift */ = {isa = PBXFileReference; lastKnownFileType = sourcecode.swift; path = PlayViewModel.swift; sourceTree = "<group>"; };
		508BB43629AD0E9000DA8EAD /* NetworkErrors.swift */ = {isa = PBXFileReference; lastKnownFileType = sourcecode.swift; path = NetworkErrors.swift; sourceTree = "<group>"; };
		508BB43829AD5B4E00DA8EAD /* TranslationSettingsView.swift */ = {isa = PBXFileReference; lastKnownFileType = sourcecode.swift; path = TranslationSettingsView.swift; sourceTree = "<group>"; };
		508BB43A29AD5FD100DA8EAD /* SecretTextField.swift */ = {isa = PBXFileReference; lastKnownFileType = sourcecode.swift; path = SecretTextField.swift; sourceTree = "<group>"; };
		508BB43E29AD706200DA8EAD /* TextFieldWithDebounce.swift */ = {isa = PBXFileReference; lastKnownFileType = sourcecode.swift; path = TextFieldWithDebounce.swift; sourceTree = "<group>"; };
		508BB44029AD753500DA8EAD /* StringExtensions.swift */ = {isa = PBXFileReference; lastKnownFileType = sourcecode.swift; path = StringExtensions.swift; sourceTree = "<group>"; };
		508C77F828D129CC009031C7 /* AudioManager.swift */ = {isa = PBXFileReference; lastKnownFileType = sourcecode.swift; path = AudioManager.swift; sourceTree = "<group>"; };
		508DC00629C3DB7800C657ED /* CardsPlayedLineChart.swift */ = {isa = PBXFileReference; lastKnownFileType = sourcecode.swift; path = CardsPlayedLineChart.swift; sourceTree = "<group>"; };
		508DC00829C3DE0E00C657ED /* CardEntry+Extensions.swift */ = {isa = PBXFileReference; lastKnownFileType = sourcecode.swift; path = "CardEntry+Extensions.swift"; sourceTree = "<group>"; };
		508DC00A29C4790600C657ED /* DateExtensions.swift */ = {isa = PBXFileReference; lastKnownFileType = sourcecode.swift; path = DateExtensions.swift; sourceTree = "<group>"; };
		508DC00C29C4D4BE00C657ED /* AnalyticsSettingsView.swift */ = {isa = PBXFileReference; lastKnownFileType = sourcecode.swift; path = AnalyticsSettingsView.swift; sourceTree = "<group>"; };
		508DC00E29C4DA8D00C657ED /* NSManagedObjectContextExtensions.swift */ = {isa = PBXFileReference; lastKnownFileType = sourcecode.swift; path = NSManagedObjectContextExtensions.swift; sourceTree = "<group>"; };
		508FFD2B29AA5AB70084B7D4 /* SpeechSynthesiser.swift */ = {isa = PBXFileReference; lastKnownFileType = sourcecode.swift; path = SpeechSynthesiser.swift; sourceTree = "<group>"; };
		508FFD2D29AA5F860084B7D4 /* WeekDayToggle.swift */ = {isa = PBXFileReference; lastKnownFileType = sourcecode.swift; path = WeekDayToggle.swift; sourceTree = "<group>"; };
		508FFD3029AA60500084B7D4 /* WeekDay.swift */ = {isa = PBXFileReference; lastKnownFileType = sourcecode.swift; path = WeekDay.swift; sourceTree = "<group>"; };
		508FFD3229AA6C3D0084B7D4 /* SpeechSettingsView.swift */ = {isa = PBXFileReference; lastKnownFileType = sourcecode.swift; path = SpeechSettingsView.swift; sourceTree = "<group>"; };
		508FFD3429AA7AFC0084B7D4 /* SpeechSynthesizerExtensions.swift */ = {isa = PBXFileReference; lastKnownFileType = sourcecode.swift; path = SpeechSynthesizerExtensions.swift; sourceTree = "<group>"; };
		5090B5E029B7F3CB008FD635 /* DataModel.xcdatamodel */ = {isa = PBXFileReference; lastKnownFileType = wrapper.xcdatamodel; path = DataModel.xcdatamodel; sourceTree = "<group>"; };
		5090B5E429B7FBF7008FD635 /* DeckListPreview.swift */ = {isa = PBXFileReference; lastKnownFileType = sourcecode.swift; path = DeckListPreview.swift; sourceTree = "<group>"; };
		50A5399E28E0B46C002E06AA /* InfoCardView.swift */ = {isa = PBXFileReference; lastKnownFileType = sourcecode.swift; path = InfoCardView.swift; sourceTree = "<group>"; };
		50A6DFEB2A59DFC9005E21B4 /* SettingsView.swift */ = {isa = PBXFileReference; lastKnownFileType = sourcecode.swift; path = SettingsView.swift; sourceTree = "<group>"; };
		50A6DFED2A59E63C005E21B4 /* ColorfulIconLabelStyle.swift */ = {isa = PBXFileReference; lastKnownFileType = sourcecode.swift; path = ColorfulIconLabelStyle.swift; sourceTree = "<group>"; };
		50ADCCEA29F1DCE300A924FD /* SearchCardsView.swift */ = {isa = PBXFileReference; lastKnownFileType = sourcecode.swift; path = SearchCardsView.swift; sourceTree = "<group>"; };
		50AECFB829E3593500B80AF0 /* ShuffleMode.swift */ = {isa = PBXFileReference; lastKnownFileType = sourcecode.swift; path = ShuffleMode.swift; sourceTree = "<group>"; };
		50AECFBE29E3671900B80AF0 /* PlaySetupView.swift */ = {isa = PBXFileReference; lastKnownFileType = sourcecode.swift; path = PlaySetupView.swift; sourceTree = "<group>"; };
		50AECFC429E4995400B80AF0 /* DateIntervalExtensions.swift */ = {isa = PBXFileReference; lastKnownFileType = sourcecode.swift; path = DateIntervalExtensions.swift; sourceTree = "<group>"; };
		50CC08B2284EA7FA00678A3E /* DataController.swift */ = {isa = PBXFileReference; lastKnownFileType = sourcecode.swift; path = DataController.swift; sourceTree = "<group>"; };
		50CC08B4284EAF1B00678A3E /* CardFront.swift */ = {isa = PBXFileReference; fileEncoding = 4; lastKnownFileType = sourcecode.swift; path = CardFront.swift; sourceTree = "<group>"; };
		50D6F70229EB193500511B25 /* SectionList.swift */ = {isa = PBXFileReference; lastKnownFileType = sourcecode.swift; path = SectionList.swift; sourceTree = "<group>"; };
		50D97F5529AC160D00113CFF /* TranslateManager.swift */ = {isa = PBXFileReference; lastKnownFileType = sourcecode.swift; path = TranslateManager.swift; sourceTree = "<group>"; };
		50E8A7E828DF8675003421B1 /* SimpleCardListView.swift */ = {isa = PBXFileReference; lastKnownFileType = sourcecode.swift; path = SimpleCardListView.swift; sourceTree = "<group>"; };
		50FA86192A882F47006475F0 /* CustomShareSheet.swift */ = {isa = PBXFileReference; lastKnownFileType = sourcecode.swift; path = CustomShareSheet.swift; sourceTree = "<group>"; };
		50FA86282A8837A2006475F0 /* CardDto.swift */ = {isa = PBXFileReference; lastKnownFileType = sourcecode.swift; path = CardDto.swift; sourceTree = "<group>"; };
		50FA862A2A8837AE006475F0 /* DeckDto.swift */ = {isa = PBXFileReference; lastKnownFileType = sourcecode.swift; path = DeckDto.swift; sourceTree = "<group>"; };
		50FE96D32A798BEF002842CF /* Review.swift */ = {isa = PBXFileReference; lastKnownFileType = sourcecode.swift; path = Review.swift; sourceTree = "<group>"; };
		50FE96D52A798C57002842CF /* Scheduler.swift */ = {isa = PBXFileReference; lastKnownFileType = sourcecode.swift; path = Scheduler.swift; sourceTree = "<group>"; };
		50FE96D72A798D4B002842CF /* Shuffler.swift */ = {isa = PBXFileReference; lastKnownFileType = sourcecode.swift; path = Shuffler.swift; sourceTree = "<group>"; };
		50FE96DA2A79B1E7002842CF /* SchedulerSettingsView.swift */ = {isa = PBXFileReference; lastKnownFileType = sourcecode.swift; path = SchedulerSettingsView.swift; sourceTree = "<group>"; };
		50FEF018284D594600FA8373 /* CardBack.swift */ = {isa = PBXFileReference; fileEncoding = 4; lastKnownFileType = sourcecode.swift; path = CardBack.swift; sourceTree = "<group>"; };
		50FEF019284D594600FA8373 /* CardView.swift */ = {isa = PBXFileReference; fileEncoding = 4; lastKnownFileType = sourcecode.swift; path = CardView.swift; sourceTree = "<group>"; };
		50FEF01A284D594600FA8373 /* StickiesView.swift */ = {isa = PBXFileReference; fileEncoding = 4; lastKnownFileType = sourcecode.swift; path = StickiesView.swift; sourceTree = "<group>"; };
		50FEF01B284D594600FA8373 /* AspectListView.swift */ = {isa = PBXFileReference; fileEncoding = 4; lastKnownFileType = sourcecode.swift; path = AspectListView.swift; sourceTree = "<group>"; };
/* End PBXFileReference section */

/* Begin PBXFrameworksBuildPhase section */
		505D84872842D57900AEC836 /* Frameworks */ = {
			isa = PBXFrameworksBuildPhase;
			buildActionMask = 2147483647;
			files = (
			);
			runOnlyForDeploymentPostprocessing = 0;
		};
		505EE0832A7AFCE6000C69B0 /* Frameworks */ = {
			isa = PBXFrameworksBuildPhase;
			buildActionMask = 2147483647;
			files = (
			);
			runOnlyForDeploymentPostprocessing = 0;
		};
/* End PBXFrameworksBuildPhase section */

/* Begin PBXGroup section */
		50168BD628831FFD00ABF8EF /* Components */ = {
			isa = PBXGroup;
			children = (
				500EA5272871FD33005A2C83 /* Background.swift */,
				50FEF01B284D594600FA8373 /* AspectListView.swift */,
				50D6F70229EB193500511B25 /* SectionList.swift */,
				50CC08B4284EAF1B00678A3E /* CardFront.swift */,
				50FEF018284D594600FA8373 /* CardBack.swift */,
				5083796028907718001F78AB /* CardConstants.swift */,
				500EB4C2289FFDEE000A59F7 /* NoCard.swift */,
				508FFD2D29AA5F860084B7D4 /* WeekDayToggle.swift */,
				508BB43A29AD5FD100DA8EAD /* SecretTextField.swift */,
				508BB43E29AD706200DA8EAD /* TextFieldWithDebounce.swift */,
				507C6B5A29AA9FD200B39734 /* HearPronunciationButton.swift */,
				500C152E29B541CF0017ABA0 /* AppIcon.swift */,
				507C2CF829B90AC6001A9DAC /* GroupBoxLink.swift */,
				5014D5462A3F9EAB00253FD2 /* HalfSheet.swift */,
				5014D5482A3F9F2900253FD2 /* HalfSheetController.swift */,
				5014D54C2A536CE800253FD2 /* SearchBar.swift */,
				50A6DFED2A59E63C005E21B4 /* ColorfulIconLabelStyle.swift */,
				50FA86192A882F47006475F0 /* CustomShareSheet.swift */,
			);
			path = Components;
			sourceTree = "<group>";
		};
		50168BDB288353FC00ABF8EF /* Extensions */ = {
			isa = PBXGroup;
			children = (
				508DC00A29C4790600C657ED /* DateExtensions.swift */,
				50AECFC429E4995400B80AF0 /* DateIntervalExtensions.swift */,
				50168BDC2883544900ABF8EF /* ViewExtensions.swift */,
				508FFD3429AA7AFC0084B7D4 /* SpeechSynthesizerExtensions.swift */,
				507C6B5629AA8FD000B39734 /* SequenceExtensions.swift */,
				508BB44029AD753500DA8EAD /* StringExtensions.swift */,
				508DC00E29C4DA8D00C657ED /* NSManagedObjectContextExtensions.swift */,
				505EE0912A7B0B3F000C69B0 /* TimeIntervalExtensions.swift */,
			);
			path = Extensions;
			sourceTree = "<group>";
		};
		505D84812842D57900AEC836 = {
			isa = PBXGroup;
			children = (
				505D848C2842D57900AEC836 /* Stickies */,
				505EE0872A7AFCE6000C69B0 /* StickiesTests */,
				505D848B2842D57900AEC836 /* Products */,
			);
			sourceTree = "<group>";
		};
		505D848B2842D57900AEC836 /* Products */ = {
			isa = PBXGroup;
			children = (
				505D848A2842D57900AEC836 /* Stickies.app */,
				505EE0862A7AFCE6000C69B0 /* StickiesTests.xctest */,
			);
			name = Products;
			sourceTree = "<group>";
		};
		505D848C2842D57900AEC836 /* Stickies */ = {
			isa = PBXGroup;
			children = (
				50FE96D22A798B82002842CF /* Schedulers */,
				506F9AB329E0256400197C3F /* Charts */,
				508C77F728D129B2009031C7 /* Services */,
				50168BD628831FFD00ABF8EF /* Components */,
				50FA86272A88377F006475F0 /* Dtos */,
				50CC08B6284EB3CD00678A3E /* DataModel */,
				508FFD2F29AA60270084B7D4 /* Models */,
				50168BDB288353FC00ABF8EF /* Extensions */,
				50FEF015284D589A00FA8373 /* ViewModels */,
				50FEF014284D588F00FA8373 /* Views */,
				505D848D2842D57900AEC836 /* StickiesApp.swift */,
				507C6B5829AA973400B39734 /* Constants.swift */,
				505D84962842D57D00AEC836 /* Info.plist */,
				505D84912842D57D00AEC836 /* Assets.xcassets */,
				505D84932842D57D00AEC836 /* Preview Content */,
			);
			path = Stickies;
			sourceTree = "<group>";
		};
		505D84932842D57D00AEC836 /* Preview Content */ = {
			isa = PBXGroup;
			children = (
				505D84942842D57D00AEC836 /* Preview Assets.xcassets */,
			);
			path = "Preview Content";
			sourceTree = "<group>";
		};
		505EE0872A7AFCE6000C69B0 /* StickiesTests */ = {
			isa = PBXGroup;
			children = (
				505EE0882A7AFCE6000C69B0 /* SpacedRepetitionSchedulerTests.swift */,
				505EE08F2A7B00D0000C69B0 /* TestCoreDataStack.swift */,
			);
			path = StickiesTests;
			sourceTree = "<group>";
		};
		506F9AB329E0256400197C3F /* Charts */ = {
			isa = PBXGroup;
			children = (
				506F9AB429E0256400197C3F /* BarChart */,
				506F9AB929E0256400197C3F /* LineChart */,
			);
			path = Charts;
			sourceTree = "<group>";
		};
		506F9AB429E0256400197C3F /* BarChart */ = {
			isa = PBXGroup;
			children = (
				506F9AB529E0256400197C3F /* BarChartView.swift */,
			);
			path = BarChart;
			sourceTree = "<group>";
		};
		506F9AB929E0256400197C3F /* LineChart */ = {
			isa = PBXGroup;
			children = (
				506F9ABA29E0256400197C3F /* LineChartView.swift */,
				506F9ABB29E0256400197C3F /* LineChartData.swift */,
				506F9ABC29E0256400197C3F /* Components */,
				506F9AC129E0256400197C3F /* LineChartParameters.swift */,
			);
			path = LineChart;
			sourceTree = "<group>";
		};
		506F9ABC29E0256400197C3F /* Components */ = {
			isa = PBXGroup;
			children = (
				506F9ABD29E0256400197C3F /* LineView.swift */,
				506F9ABE29E0256400197C3F /* LinePath.swift */,
				506F9ABF29E0256400197C3F /* ChartIndicatorPoint.swift */,
				506F9AC029E0256400197C3F /* ChartLabels.swift */,
			);
			path = Components;
			sourceTree = "<group>";
		};
		508C77F728D129B2009031C7 /* Services */ = {
			isa = PBXGroup;
			children = (
				508C77F828D129CC009031C7 /* AudioManager.swift */,
				500ED8E129059AE600EB4D59 /* NotificationHandler.swift */,
				507B4A98292C0DAA00FC97AF /* VoiceRecorderManager.swift */,
				508FFD2B29AA5AB70084B7D4 /* SpeechSynthesiser.swift */,
				50D97F5529AC160D00113CFF /* TranslateManager.swift */,
			);
			path = Services;
			sourceTree = "<group>";
		};
		508FFD2F29AA60270084B7D4 /* Models */ = {
			isa = PBXGroup;
			children = (
				507B4A9A292C0F0400FC97AF /* Recording.swift */,
				508FFD3029AA60500084B7D4 /* WeekDay.swift */,
				508BB43629AD0E9000DA8EAD /* NetworkErrors.swift */,
				50AECFB829E3593500B80AF0 /* ShuffleMode.swift */,
				50FE96D32A798BEF002842CF /* Review.swift */,
			);
			path = Models;
			sourceTree = "<group>";
		};
		50CC08B6284EB3CD00678A3E /* DataModel */ = {
			isa = PBXGroup;
			children = (
				5090B5DF29B7F3CB008FD635 /* DataModel.xcdatamodeld */,
				50CC08B2284EA7FA00678A3E /* DataController.swift */,
				50168BD72883204300ABF8EF /* Deck+Extensions.swift */,
				50168BDE28835B8700ABF8EF /* Card+Extensions.swift */,
				508DC00829C3DE0E00C657ED /* CardEntry+Extensions.swift */,
			);
			path = DataModel;
			sourceTree = "<group>";
		};
		50FA86272A88377F006475F0 /* Dtos */ = {
			isa = PBXGroup;
			children = (
				50FA86282A8837A2006475F0 /* CardDto.swift */,
				50FA862A2A8837AE006475F0 /* DeckDto.swift */,
			);
			path = Dtos;
			sourceTree = "<group>";
		};
		50FE96D22A798B82002842CF /* Schedulers */ = {
			isa = PBXGroup;
			children = (
				500627252A77FE5600357F9C /* SpacedRepetitionScheduler.swift */,
				50FE96D52A798C57002842CF /* Scheduler.swift */,
				50FE96D72A798D4B002842CF /* Shuffler.swift */,
			);
			path = Schedulers;
			sourceTree = "<group>";
		};
		50FE96D92A7990E3002842CF /* Settings */ = {
			isa = PBXGroup;
			children = (
				508FFD3229AA6C3D0084B7D4 /* SpeechSettingsView.swift */,
				508BB43829AD5B4E00DA8EAD /* TranslationSettingsView.swift */,
				508DC00C29C4D4BE00C657ED /* AnalyticsSettingsView.swift */,
				50FE96DA2A79B1E7002842CF /* SchedulerSettingsView.swift */,
				50A6DFEB2A59DFC9005E21B4 /* SettingsView.swift */,
			);
			path = Settings;
			sourceTree = "<group>";
		};
		50FEF014284D588F00FA8373 /* Views */ = {
			isa = PBXGroup;
			children = (
				50FE96D92A7990E3002842CF /* Settings */,
				50FEF01A284D594600FA8373 /* StickiesView.swift */,
				50168BD42882209500ABF8EF /* DeckListView.swift */,
				5090B5E429B7FBF7008FD635 /* DeckListPreview.swift */,
				50168BD928834ECD00ABF8EF /* DeckFormView.swift */,
				50FEF019284D594600FA8373 /* CardView.swift */,
				500EA529287200E9005A2C83 /* CardListView.swift */,
				50E8A7E828DF8675003421B1 /* SimpleCardListView.swift */,
				5060F52A285D187A004E9142 /* CardFormView.swift */,
				500EA5252871F90A005A2C83 /* PlayView.swift */,
				50AECFBE29E3671900B80AF0 /* PlaySetupView.swift */,
				5014D5422A3F971000253FD2 /* PlaySettingsView.swift */,
				50A5399E28E0B46C002E06AA /* InfoCardView.swift */,
				50ADCCEA29F1DCE300A924FD /* SearchCardsView.swift */,
				508DC00629C3DB7800C657ED /* CardsPlayedLineChart.swift */,
				506F9ACD29E028CA00197C3F /* CardsPlayedBarChart.swift */,
				500ED8E329059EFE00EB4D59 /* NotificationsView.swift */,
			);
			path = Views;
			sourceTree = "<group>";
		};
		50FEF015284D589A00FA8373 /* ViewModels */ = {
			isa = PBXGroup;
			children = (
				508379622890798E001F78AB /* PlayViewModel.swift */,
			);
			path = ViewModels;
			sourceTree = "<group>";
		};
/* End PBXGroup section */

/* Begin PBXNativeTarget section */
		505D84892842D57900AEC836 /* Stickies */ = {
			isa = PBXNativeTarget;
			buildConfigurationList = 505D84992842D57D00AEC836 /* Build configuration list for PBXNativeTarget "Stickies" */;
			buildPhases = (
				505D84862842D57900AEC836 /* Sources */,
				505D84872842D57900AEC836 /* Frameworks */,
				505D84882842D57900AEC836 /* Resources */,
			);
			buildRules = (
			);
			dependencies = (
			);
			name = Stickies;
			packageProductDependencies = (
			);
			productName = Stickies;
			productReference = 505D848A2842D57900AEC836 /* Stickies.app */;
			productType = "com.apple.product-type.application";
		};
		505EE0852A7AFCE6000C69B0 /* StickiesTests */ = {
			isa = PBXNativeTarget;
			buildConfigurationList = 505EE08E2A7AFCE7000C69B0 /* Build configuration list for PBXNativeTarget "StickiesTests" */;
			buildPhases = (
				505EE0822A7AFCE6000C69B0 /* Sources */,
				505EE0832A7AFCE6000C69B0 /* Frameworks */,
				505EE0842A7AFCE6000C69B0 /* Resources */,
			);
			buildRules = (
			);
			dependencies = (
				505EE08B2A7AFCE6000C69B0 /* PBXTargetDependency */,
			);
			name = StickiesTests;
			productName = StickiesTests;
			productReference = 505EE0862A7AFCE6000C69B0 /* StickiesTests.xctest */;
			productType = "com.apple.product-type.bundle.unit-test";
		};
/* End PBXNativeTarget section */

/* Begin PBXProject section */
		505D84822842D57900AEC836 /* Project object */ = {
			isa = PBXProject;
			attributes = {
				BuildIndependentTargetsInParallel = YES;
				LastSwiftUpdateCheck = 1430;
				LastUpgradeCheck = 1430;
				TargetAttributes = {
					505D84892842D57900AEC836 = {
						CreatedOnToolsVersion = 12.5.1;
					};
					505EE0852A7AFCE6000C69B0 = {
						CreatedOnToolsVersion = 14.3.1;
						TestTargetID = 505D84892842D57900AEC836;
					};
				};
			};
			buildConfigurationList = 505D84852842D57900AEC836 /* Build configuration list for PBXProject "Stickies" */;
			compatibilityVersion = "Xcode 9.3";
			developmentRegion = en;
			hasScannedForEncodings = 0;
			knownRegions = (
				en,
				Base,
			);
			mainGroup = 505D84812842D57900AEC836;
			packageReferences = (
			);
			productRefGroup = 505D848B2842D57900AEC836 /* Products */;
			projectDirPath = "";
			projectRoot = "";
			targets = (
				505D84892842D57900AEC836 /* Stickies */,
				505EE0852A7AFCE6000C69B0 /* StickiesTests */,
			);
		};
/* End PBXProject section */

/* Begin PBXResourcesBuildPhase section */
		505D84882842D57900AEC836 /* Resources */ = {
			isa = PBXResourcesBuildPhase;
			buildActionMask = 2147483647;
			files = (
				505D84952842D57D00AEC836 /* Preview Assets.xcassets in Resources */,
				505D84922842D57D00AEC836 /* Assets.xcassets in Resources */,
			);
			runOnlyForDeploymentPostprocessing = 0;
		};
		505EE0842A7AFCE6000C69B0 /* Resources */ = {
			isa = PBXResourcesBuildPhase;
			buildActionMask = 2147483647;
			files = (
			);
			runOnlyForDeploymentPostprocessing = 0;
		};
/* End PBXResourcesBuildPhase section */

/* Begin PBXSourcesBuildPhase section */
		505D84862842D57900AEC836 /* Sources */ = {
			isa = PBXSourcesBuildPhase;
			buildActionMask = 2147483647;
			files = (
				500EA5282871FD33005A2C83 /* Background.swift in Sources */,
				506F9ACA29E0256400197C3F /* ChartIndicatorPoint.swift in Sources */,
				50168BD82883204300ABF8EF /* Deck+Extensions.swift in Sources */,
				506F9ACB29E0256400197C3F /* ChartLabels.swift in Sources */,
				50168BDD2883544900ABF8EF /* ViewExtensions.swift in Sources */,
				50FA86292A8837A2006475F0 /* CardDto.swift in Sources */,
				50A6DFEC2A59DFC9005E21B4 /* SettingsView.swift in Sources */,
				508FFD2C29AA5AB70084B7D4 /* SpeechSynthesiser.swift in Sources */,
				506F9ACC29E0256400197C3F /* LineChartParameters.swift in Sources */,
				508DC00B29C4790700C657ED /* DateExtensions.swift in Sources */,
				50FE96D62A798C57002842CF /* Scheduler.swift in Sources */,
				508DC00929C3DE0E00C657ED /* CardEntry+Extensions.swift in Sources */,
				50FEF01F284D594700FA8373 /* AspectListView.swift in Sources */,
				506F9AC229E0256400197C3F /* BarChartView.swift in Sources */,
				50CC08B5284EAF1B00678A3E /* CardFront.swift in Sources */,
				506F9AC729E0256400197C3F /* LineChartData.swift in Sources */,
				506F9AC829E0256400197C3F /* LineView.swift in Sources */,
				50FEF01C284D594600FA8373 /* CardBack.swift in Sources */,
				500C152F29B541CF0017ABA0 /* AppIcon.swift in Sources */,
				50ADCCEB29F1DCE300A924FD /* SearchCardsView.swift in Sources */,
				50AECFB929E3593500B80AF0 /* ShuffleMode.swift in Sources */,
				508BB44129AD753500DA8EAD /* StringExtensions.swift in Sources */,
				506F9AC929E0256400197C3F /* LinePath.swift in Sources */,
				507B4A9B292C0F0400FC97AF /* Recording.swift in Sources */,
				50CC08B3284EA7FA00678A3E /* DataController.swift in Sources */,
				507B4A99292C0DAB00FC97AF /* VoiceRecorderManager.swift in Sources */,
				508DC00D29C4D4BF00C657ED /* AnalyticsSettingsView.swift in Sources */,
				50D97F5629AC160E00113CFF /* TranslateManager.swift in Sources */,
				50A5399F28E0B46C002E06AA /* InfoCardView.swift in Sources */,
				50A6DFEE2A59E63C005E21B4 /* ColorfulIconLabelStyle.swift in Sources */,
				5014D54D2A536CE900253FD2 /* SearchBar.swift in Sources */,
				5090B5E529B7FBF7008FD635 /* DeckListPreview.swift in Sources */,
				50FEF01D284D594700FA8373 /* CardView.swift in Sources */,
				50168BDA28834ECE00ABF8EF /* DeckFormView.swift in Sources */,
				508BB43B29AD5FD100DA8EAD /* SecretTextField.swift in Sources */,
				508BB43F29AD706200DA8EAD /* TextFieldWithDebounce.swift in Sources */,
				508FFD3529AA7AFC0084B7D4 /* SpeechSynthesizerExtensions.swift in Sources */,
				50FA861A2A882F47006475F0 /* CustomShareSheet.swift in Sources */,
				50D6F70329EB193500511B25 /* SectionList.swift in Sources */,
				500EB4C3289FFDEE000A59F7 /* NoCard.swift in Sources */,
				5090B5E129B7F3CB008FD635 /* DataModel.xcdatamodeld in Sources */,
				508FFD2E29AA5F860084B7D4 /* WeekDayToggle.swift in Sources */,
				508FFD3129AA60500084B7D4 /* WeekDay.swift in Sources */,
				507C6B5929AA973400B39734 /* Constants.swift in Sources */,
				50168BDF28835B8700ABF8EF /* Card+Extensions.swift in Sources */,
				508BB43929AD5B4E00DA8EAD /* TranslationSettingsView.swift in Sources */,
				500627262A77FE5600357F9C /* SpacedRepetitionScheduler.swift in Sources */,
				508379632890798E001F78AB /* PlayViewModel.swift in Sources */,
				50AECFC529E4995400B80AF0 /* DateIntervalExtensions.swift in Sources */,
				50FA862B2A8837AE006475F0 /* DeckDto.swift in Sources */,
				505D848E2842D57900AEC836 /* StickiesApp.swift in Sources */,
				500ED8E429059EFE00EB4D59 /* NotificationsView.swift in Sources */,
				50FEF01E284D594700FA8373 /* StickiesView.swift in Sources */,
				5083796128907719001F78AB /* CardConstants.swift in Sources */,
				50FE96DB2A79B1E7002842CF /* SchedulerSettingsView.swift in Sources */,
				505EE0922A7B0B3F000C69B0 /* TimeIntervalExtensions.swift in Sources */,
				50FE96D42A798BEF002842CF /* Review.swift in Sources */,
				50FE96D82A798D4B002842CF /* Shuffler.swift in Sources */,
				508FFD3329AA6C3D0084B7D4 /* SpeechSettingsView.swift in Sources */,
				506F9ACE29E028CA00197C3F /* CardsPlayedBarChart.swift in Sources */,
				5014D5472A3F9EAB00253FD2 /* HalfSheet.swift in Sources */,
				508DC00F29C4DA8E00C657ED /* NSManagedObjectContextExtensions.swift in Sources */,
				507C6B5B29AA9FD200B39734 /* HearPronunciationButton.swift in Sources */,
				506F9AC629E0256400197C3F /* LineChartView.swift in Sources */,
				5014D5492A3F9F2900253FD2 /* HalfSheetController.swift in Sources */,
				5014D5432A3F971000253FD2 /* PlaySettingsView.swift in Sources */,
				508DC00729C3DB7800C657ED /* CardsPlayedLineChart.swift in Sources */,
				500EA5262871F90A005A2C83 /* PlayView.swift in Sources */,
				500EA52A287200E9005A2C83 /* CardListView.swift in Sources */,
				5060F52B285D187A004E9142 /* CardFormView.swift in Sources */,
				50AECFBF29E3671900B80AF0 /* PlaySetupView.swift in Sources */,
				507C2CF929B90AC6001A9DAC /* GroupBoxLink.swift in Sources */,
				508C77F928D129CC009031C7 /* AudioManager.swift in Sources */,
				50E8A7E928DF8675003421B1 /* SimpleCardListView.swift in Sources */,
				50168BD52882209500ABF8EF /* DeckListView.swift in Sources */,
				500ED8E229059AE700EB4D59 /* NotificationHandler.swift in Sources */,
				507C6B5729AA8FD000B39734 /* SequenceExtensions.swift in Sources */,
				508BB43729AD0E9000DA8EAD /* NetworkErrors.swift in Sources */,
			);
			runOnlyForDeploymentPostprocessing = 0;
		};
		505EE0822A7AFCE6000C69B0 /* Sources */ = {
			isa = PBXSourcesBuildPhase;
			buildActionMask = 2147483647;
			files = (
				505EE0892A7AFCE6000C69B0 /* SpacedRepetitionSchedulerTests.swift in Sources */,
				505EE0902A7B00D1000C69B0 /* TestCoreDataStack.swift in Sources */,
			);
			runOnlyForDeploymentPostprocessing = 0;
		};
/* End PBXSourcesBuildPhase section */

/* Begin PBXTargetDependency section */
		505EE08B2A7AFCE6000C69B0 /* PBXTargetDependency */ = {
			isa = PBXTargetDependency;
			target = 505D84892842D57900AEC836 /* Stickies */;
			targetProxy = 505EE08A2A7AFCE6000C69B0 /* PBXContainerItemProxy */;
		};
/* End PBXTargetDependency section */

/* Begin XCBuildConfiguration section */
		505D84972842D57D00AEC836 /* Debug */ = {
			isa = XCBuildConfiguration;
			buildSettings = {
				ALWAYS_SEARCH_USER_PATHS = NO;
				CLANG_ANALYZER_NONNULL = YES;
				CLANG_ANALYZER_NUMBER_OBJECT_CONVERSION = YES_AGGRESSIVE;
				CLANG_CXX_LANGUAGE_STANDARD = "gnu++14";
				CLANG_CXX_LIBRARY = "libc++";
				CLANG_ENABLE_MODULES = YES;
				CLANG_ENABLE_OBJC_ARC = YES;
				CLANG_ENABLE_OBJC_WEAK = YES;
				CLANG_WARN_BLOCK_CAPTURE_AUTORELEASING = YES;
				CLANG_WARN_BOOL_CONVERSION = YES;
				CLANG_WARN_COMMA = YES;
				CLANG_WARN_CONSTANT_CONVERSION = YES;
				CLANG_WARN_DEPRECATED_OBJC_IMPLEMENTATIONS = YES;
				CLANG_WARN_DIRECT_OBJC_ISA_USAGE = YES_ERROR;
				CLANG_WARN_DOCUMENTATION_COMMENTS = YES;
				CLANG_WARN_EMPTY_BODY = YES;
				CLANG_WARN_ENUM_CONVERSION = YES;
				CLANG_WARN_INFINITE_RECURSION = YES;
				CLANG_WARN_INT_CONVERSION = YES;
				CLANG_WARN_NON_LITERAL_NULL_CONVERSION = YES;
				CLANG_WARN_OBJC_IMPLICIT_RETAIN_SELF = YES;
				CLANG_WARN_OBJC_LITERAL_CONVERSION = YES;
				CLANG_WARN_OBJC_ROOT_CLASS = YES_ERROR;
				CLANG_WARN_QUOTED_INCLUDE_IN_FRAMEWORK_HEADER = YES;
				CLANG_WARN_RANGE_LOOP_ANALYSIS = YES;
				CLANG_WARN_STRICT_PROTOTYPES = YES;
				CLANG_WARN_SUSPICIOUS_MOVE = YES;
				CLANG_WARN_UNGUARDED_AVAILABILITY = YES_AGGRESSIVE;
				CLANG_WARN_UNREACHABLE_CODE = YES;
				CLANG_WARN__DUPLICATE_METHOD_MATCH = YES;
				COPY_PHASE_STRIP = NO;
				DEBUG_INFORMATION_FORMAT = dwarf;
				ENABLE_STRICT_OBJC_MSGSEND = YES;
				ENABLE_TESTABILITY = YES;
				GCC_C_LANGUAGE_STANDARD = gnu11;
				GCC_DYNAMIC_NO_PIC = NO;
				GCC_NO_COMMON_BLOCKS = YES;
				GCC_OPTIMIZATION_LEVEL = 0;
				GCC_PREPROCESSOR_DEFINITIONS = (
					"DEBUG=1",
					"$(inherited)",
				);
				GCC_WARN_64_TO_32_BIT_CONVERSION = YES;
				GCC_WARN_ABOUT_RETURN_TYPE = YES_ERROR;
				GCC_WARN_UNDECLARED_SELECTOR = YES;
				GCC_WARN_UNINITIALIZED_AUTOS = YES_AGGRESSIVE;
				GCC_WARN_UNUSED_FUNCTION = YES;
				GCC_WARN_UNUSED_VARIABLE = YES;
				IPHONEOS_DEPLOYMENT_TARGET = 15.0;
				MTL_ENABLE_DEBUG_INFO = INCLUDE_SOURCE;
				MTL_FAST_MATH = YES;
				ONLY_ACTIVE_ARCH = YES;
				SDKROOT = iphoneos;
				SWIFT_ACTIVE_COMPILATION_CONDITIONS = DEBUG;
				SWIFT_OPTIMIZATION_LEVEL = "-Onone";
			};
			name = Debug;
		};
		505D84982842D57D00AEC836 /* Release */ = {
			isa = XCBuildConfiguration;
			buildSettings = {
				ALWAYS_SEARCH_USER_PATHS = NO;
				CLANG_ANALYZER_NONNULL = YES;
				CLANG_ANALYZER_NUMBER_OBJECT_CONVERSION = YES_AGGRESSIVE;
				CLANG_CXX_LANGUAGE_STANDARD = "gnu++14";
				CLANG_CXX_LIBRARY = "libc++";
				CLANG_ENABLE_MODULES = YES;
				CLANG_ENABLE_OBJC_ARC = YES;
				CLANG_ENABLE_OBJC_WEAK = YES;
				CLANG_WARN_BLOCK_CAPTURE_AUTORELEASING = YES;
				CLANG_WARN_BOOL_CONVERSION = YES;
				CLANG_WARN_COMMA = YES;
				CLANG_WARN_CONSTANT_CONVERSION = YES;
				CLANG_WARN_DEPRECATED_OBJC_IMPLEMENTATIONS = YES;
				CLANG_WARN_DIRECT_OBJC_ISA_USAGE = YES_ERROR;
				CLANG_WARN_DOCUMENTATION_COMMENTS = YES;
				CLANG_WARN_EMPTY_BODY = YES;
				CLANG_WARN_ENUM_CONVERSION = YES;
				CLANG_WARN_INFINITE_RECURSION = YES;
				CLANG_WARN_INT_CONVERSION = YES;
				CLANG_WARN_NON_LITERAL_NULL_CONVERSION = YES;
				CLANG_WARN_OBJC_IMPLICIT_RETAIN_SELF = YES;
				CLANG_WARN_OBJC_LITERAL_CONVERSION = YES;
				CLANG_WARN_OBJC_ROOT_CLASS = YES_ERROR;
				CLANG_WARN_QUOTED_INCLUDE_IN_FRAMEWORK_HEADER = YES;
				CLANG_WARN_RANGE_LOOP_ANALYSIS = YES;
				CLANG_WARN_STRICT_PROTOTYPES = YES;
				CLANG_WARN_SUSPICIOUS_MOVE = YES;
				CLANG_WARN_UNGUARDED_AVAILABILITY = YES_AGGRESSIVE;
				CLANG_WARN_UNREACHABLE_CODE = YES;
				CLANG_WARN__DUPLICATE_METHOD_MATCH = YES;
				COPY_PHASE_STRIP = NO;
				DEBUG_INFORMATION_FORMAT = "dwarf-with-dsym";
				ENABLE_NS_ASSERTIONS = NO;
				ENABLE_STRICT_OBJC_MSGSEND = YES;
				GCC_C_LANGUAGE_STANDARD = gnu11;
				GCC_NO_COMMON_BLOCKS = YES;
				GCC_WARN_64_TO_32_BIT_CONVERSION = YES;
				GCC_WARN_ABOUT_RETURN_TYPE = YES_ERROR;
				GCC_WARN_UNDECLARED_SELECTOR = YES;
				GCC_WARN_UNINITIALIZED_AUTOS = YES_AGGRESSIVE;
				GCC_WARN_UNUSED_FUNCTION = YES;
				GCC_WARN_UNUSED_VARIABLE = YES;
				IPHONEOS_DEPLOYMENT_TARGET = 15.0;
				MTL_ENABLE_DEBUG_INFO = NO;
				MTL_FAST_MATH = YES;
				SDKROOT = iphoneos;
				SWIFT_COMPILATION_MODE = wholemodule;
				SWIFT_OPTIMIZATION_LEVEL = "-O";
				VALIDATE_PRODUCT = YES;
			};
			name = Release;
		};
		505D849A2842D57D00AEC836 /* Debug */ = {
			isa = XCBuildConfiguration;
			buildSettings = {
				ASSETCATALOG_COMPILER_APPICON_NAME = AppIcon;
				ASSETCATALOG_COMPILER_GLOBAL_ACCENT_COLOR_NAME = AccentColor;
				CODE_SIGN_IDENTITY = "iPhone Developer";
				CODE_SIGN_STYLE = Automatic;
				CURRENT_PROJECT_VERSION = 1;
				DEVELOPMENT_ASSET_PATHS = "\"Stickies/Preview Content\"";
				DEVELOPMENT_TEAM = 27MAHLJV74;
				ENABLE_PREVIEWS = YES;
				INFOPLIST_FILE = Stickies/Info.plist;
				INFOPLIST_KEY_CFBundleDisplayName = Stickies;
				INFOPLIST_KEY_LSApplicationCategoryType = "public.app-category.education";
				IPHONEOS_DEPLOYMENT_TARGET = 15.0;
				LD_RUNPATH_SEARCH_PATHS = (
					"$(inherited)",
					"@executable_path/Frameworks",
				);
				MARKETING_VERSION = 0.1.0;
				PRODUCT_BUNDLE_IDENTIFIER = com.stickies;
				PRODUCT_NAME = "$(TARGET_NAME)";
				PROVISIONING_PROFILE_SPECIFIER = "";
				SWIFT_VERSION = 5.0;
				TARGETED_DEVICE_FAMILY = "1,2";
			};
			name = Debug;
		};
		505D849B2842D57D00AEC836 /* Release */ = {
			isa = XCBuildConfiguration;
			buildSettings = {
				ASSETCATALOG_COMPILER_APPICON_NAME = AppIcon;
				ASSETCATALOG_COMPILER_GLOBAL_ACCENT_COLOR_NAME = AccentColor;
				CODE_SIGN_IDENTITY = "iPhone Developer";
				CODE_SIGN_STYLE = Automatic;
				CURRENT_PROJECT_VERSION = 1;
				DEVELOPMENT_ASSET_PATHS = "\"Stickies/Preview Content\"";
				DEVELOPMENT_TEAM = 27MAHLJV74;
				ENABLE_PREVIEWS = YES;
				INFOPLIST_FILE = Stickies/Info.plist;
				INFOPLIST_KEY_CFBundleDisplayName = Stickies;
				INFOPLIST_KEY_LSApplicationCategoryType = "public.app-category.education";
				IPHONEOS_DEPLOYMENT_TARGET = 15.0;
				LD_RUNPATH_SEARCH_PATHS = (
					"$(inherited)",
					"@executable_path/Frameworks",
				);
				MARKETING_VERSION = 0.1.0;
				PRODUCT_BUNDLE_IDENTIFIER = com.stickies;
				PRODUCT_NAME = "$(TARGET_NAME)";
				PROVISIONING_PROFILE_SPECIFIER = "";
				SWIFT_VERSION = 5.0;
				TARGETED_DEVICE_FAMILY = "1,2";
			};
			name = Release;
		};
		505EE08C2A7AFCE7000C69B0 /* Debug */ = {
			isa = XCBuildConfiguration;
			buildSettings = {
				BUNDLE_LOADER = "$(TEST_HOST)";
				CLANG_CXX_LANGUAGE_STANDARD = "gnu++20";
				CODE_SIGN_STYLE = Automatic;
				CURRENT_PROJECT_VERSION = 1;
				DEAD_CODE_STRIPPING = YES;
				DEVELOPMENT_TEAM = 27MAHLJV74;
				GENERATE_INFOPLIST_FILE = YES;
				IPHONEOS_DEPLOYMENT_TARGET = 16.4;
				MACOSX_DEPLOYMENT_TARGET = 13.3;
				MARKETING_VERSION = 1.0;
				PRODUCT_BUNDLE_IDENTIFIER = "Ion-Caus.StickiesTests";
				PRODUCT_NAME = "$(TARGET_NAME)";
				SDKROOT = auto;
				SUPPORTED_PLATFORMS = "iphoneos iphonesimulator macosx";
				SWIFT_EMIT_LOC_STRINGS = NO;
				SWIFT_VERSION = 5.0;
				TARGETED_DEVICE_FAMILY = "1,2";
				TEST_HOST = "$(BUILT_PRODUCTS_DIR)/Stickies.app/$(BUNDLE_EXECUTABLE_FOLDER_PATH)/Stickies";
			};
			name = Debug;
		};
		505EE08D2A7AFCE7000C69B0 /* Release */ = {
			isa = XCBuildConfiguration;
			buildSettings = {
				BUNDLE_LOADER = "$(TEST_HOST)";
				CLANG_CXX_LANGUAGE_STANDARD = "gnu++20";
				CODE_SIGN_STYLE = Automatic;
				CURRENT_PROJECT_VERSION = 1;
				DEAD_CODE_STRIPPING = YES;
				DEVELOPMENT_TEAM = 27MAHLJV74;
				GENERATE_INFOPLIST_FILE = YES;
				IPHONEOS_DEPLOYMENT_TARGET = 16.4;
				MACOSX_DEPLOYMENT_TARGET = 13.3;
				MARKETING_VERSION = 1.0;
				PRODUCT_BUNDLE_IDENTIFIER = "Ion-Caus.StickiesTests";
				PRODUCT_NAME = "$(TARGET_NAME)";
				SDKROOT = auto;
				SUPPORTED_PLATFORMS = "iphoneos iphonesimulator macosx";
				SWIFT_EMIT_LOC_STRINGS = NO;
				SWIFT_VERSION = 5.0;
				TARGETED_DEVICE_FAMILY = "1,2";
				TEST_HOST = "$(BUILT_PRODUCTS_DIR)/Stickies.app/$(BUNDLE_EXECUTABLE_FOLDER_PATH)/Stickies";
			};
			name = Release;
		};
/* End XCBuildConfiguration section */

/* Begin XCConfigurationList section */
		505D84852842D57900AEC836 /* Build configuration list for PBXProject "Stickies" */ = {
			isa = XCConfigurationList;
			buildConfigurations = (
				505D84972842D57D00AEC836 /* Debug */,
				505D84982842D57D00AEC836 /* Release */,
			);
			defaultConfigurationIsVisible = 0;
			defaultConfigurationName = Release;
		};
		505D84992842D57D00AEC836 /* Build configuration list for PBXNativeTarget "Stickies" */ = {
			isa = XCConfigurationList;
			buildConfigurations = (
				505D849A2842D57D00AEC836 /* Debug */,
				505D849B2842D57D00AEC836 /* Release */,
			);
			defaultConfigurationIsVisible = 0;
			defaultConfigurationName = Release;
		};
		505EE08E2A7AFCE7000C69B0 /* Build configuration list for PBXNativeTarget "StickiesTests" */ = {
			isa = XCConfigurationList;
			buildConfigurations = (
				505EE08C2A7AFCE7000C69B0 /* Debug */,
				505EE08D2A7AFCE7000C69B0 /* Release */,
			);
			defaultConfigurationIsVisible = 0;
			defaultConfigurationName = Release;
		};
/* End XCConfigurationList section */

/* Begin XCVersionGroup section */
		5090B5DF29B7F3CB008FD635 /* DataModel.xcdatamodeld */ = {
			isa = XCVersionGroup;
			children = (
				5090B5E029B7F3CB008FD635 /* DataModel.xcdatamodel */,
			);
			currentVersion = 5090B5E029B7F3CB008FD635 /* DataModel.xcdatamodel */;
			path = DataModel.xcdatamodeld;
			sourceTree = "<group>";
			versionGroupType = wrapper.xcdatamodel;
		};
/* End XCVersionGroup section */
	};
	rootObject = 505D84822842D57900AEC836 /* Project object */;
}
