// !$*UTF8*$!
{
	archiveVersion = 1;
	classes = {
	};
	objectVersion = 50;
	objects = {

/* Begin PBXBuildFile section */
		505D848E2842D57900AEC836 /* StickiesApp.swift in Sources */ = {isa = PBXBuildFile; fileRef = 505D848D2842D57900AEC836 /* StickiesApp.swift */; };
		505D84922842D57D00AEC836 /* Assets.xcassets in Resources */ = {isa = PBXBuildFile; fileRef = 505D84912842D57D00AEC836 /* Assets.xcassets */; };
		505D84952842D57D00AEC836 /* Preview Assets.xcassets in Resources */ = {isa = PBXBuildFile; fileRef = 505D84942842D57D00AEC836 /* Preview Assets.xcassets */; };
		5060F52B285D187A004E9142 /* AddCardView.swift in Sources */ = {isa = PBXBuildFile; fileRef = 5060F52A285D187A004E9142 /* AddCardView.swift */; };
		50CC08B1284EA70500678A3E /* DataModel.xcdatamodeld in Sources */ = {isa = PBXBuildFile; fileRef = 50CC08AF284EA70500678A3E /* DataModel.xcdatamodeld */; };
		50CC08B3284EA7FA00678A3E /* DataController.swift in Sources */ = {isa = PBXBuildFile; fileRef = 50CC08B2284EA7FA00678A3E /* DataController.swift */; };
		50CC08B5284EAF1B00678A3E /* CardFront.swift in Sources */ = {isa = PBXBuildFile; fileRef = 50CC08B4284EAF1B00678A3E /* CardFront.swift */; };
		50FEF01C284D594600FA8373 /* CardBack.swift in Sources */ = {isa = PBXBuildFile; fileRef = 50FEF018284D594600FA8373 /* CardBack.swift */; };
		50FEF01D284D594700FA8373 /* CardView.swift in Sources */ = {isa = PBXBuildFile; fileRef = 50FEF019284D594600FA8373 /* CardView.swift */; };
		50FEF01E284D594700FA8373 /* StickiesView.swift in Sources */ = {isa = PBXBuildFile; fileRef = 50FEF01A284D594600FA8373 /* StickiesView.swift */; };
		50FEF01F284D594700FA8373 /* AspectListView.swift in Sources */ = {isa = PBXBuildFile; fileRef = 50FEF01B284D594600FA8373 /* AspectListView.swift */; };
/* End PBXBuildFile section */

/* Begin PBXFileReference section */
		505D848A2842D57900AEC836 /* Stickies.app */ = {isa = PBXFileReference; explicitFileType = wrapper.application; includeInIndex = 0; path = Stickies.app; sourceTree = BUILT_PRODUCTS_DIR; };
		505D848D2842D57900AEC836 /* StickiesApp.swift */ = {isa = PBXFileReference; lastKnownFileType = sourcecode.swift; path = StickiesApp.swift; sourceTree = "<group>"; };
		505D84912842D57D00AEC836 /* Assets.xcassets */ = {isa = PBXFileReference; lastKnownFileType = folder.assetcatalog; path = Assets.xcassets; sourceTree = "<group>"; };
		505D84942842D57D00AEC836 /* Preview Assets.xcassets */ = {isa = PBXFileReference; lastKnownFileType = folder.assetcatalog; path = "Preview Assets.xcassets"; sourceTree = "<group>"; };
		505D84962842D57D00AEC836 /* Info.plist */ = {isa = PBXFileReference; lastKnownFileType = text.plist.xml; path = Info.plist; sourceTree = "<group>"; };
		5060F52A285D187A004E9142 /* AddCardView.swift */ = {isa = PBXFileReference; lastKnownFileType = sourcecode.swift; path = AddCardView.swift; sourceTree = "<group>"; };
		50CC08B0284EA70500678A3E /* DataModel.xcdatamodel */ = {isa = PBXFileReference; lastKnownFileType = wrapper.xcdatamodel; path = DataModel.xcdatamodel; sourceTree = "<group>"; };
		50CC08B2284EA7FA00678A3E /* DataController.swift */ = {isa = PBXFileReference; lastKnownFileType = sourcecode.swift; path = DataController.swift; sourceTree = "<group>"; };
		50CC08B4284EAF1B00678A3E /* CardFront.swift */ = {isa = PBXFileReference; fileEncoding = 4; lastKnownFileType = sourcecode.swift; path = CardFront.swift; sourceTree = "<group>"; };
		50FEF018284D594600FA8373 /* CardBack.swift */ = {isa = PBXFileReference; fileEncoding = 4; lastKnownFileType = sourcecode.swift; path = CardBack.swift; sourceTree = "<group>"; };
		50FEF019284D594600FA8373 /* CardView.swift */ = {isa = PBXFileReference; fileEncoding = 4; lastKnownFileType = sourcecode.swift; path = CardView.swift; sourceTree = "<group>"; };
		50FEF01A284D594600FA8373 /* StickiesView.swift */ = {isa = PBXFileReference; fileEncoding = 4; lastKnownFileType = sourcecode.swift; path = StickiesView.swift; sourceTree = "<group>"; };
		50FEF01B284D594600FA8373 /* AspectListView.swift */ = {isa = PBXFileReference; fileEncoding = 4; lastKnownFileType = sourcecode.swift; path = AspectListView.swift; sourceTree = "<group>"; };
/* End PBXFileReference section */

/* Begin PBXFrameworksBuildPhase section */
		505D84872842D57900AEC836 /* Frameworks */ = {
			isa = PBXFrameworksBuildPhase;
			buildActionMask = 2147483647;
			files = (
			);
			runOnlyForDeploymentPostprocessing = 0;
		};
/* End PBXFrameworksBuildPhase section */

/* Begin PBXGroup section */
		505D84812842D57900AEC836 = {
			isa = PBXGroup;
			children = (
				505D848C2842D57900AEC836 /* Stickies */,
				505D848B2842D57900AEC836 /* Products */,
			);
			sourceTree = "<group>";
		};
		505D848B2842D57900AEC836 /* Products */ = {
			isa = PBXGroup;
			children = (
				505D848A2842D57900AEC836 /* Stickies.app */,
			);
			name = Products;
			sourceTree = "<group>";
		};
		505D848C2842D57900AEC836 /* Stickies */ = {
			isa = PBXGroup;
			children = (
				50CC08B6284EB3CD00678A3E /* DataModel */,
				50FEF020284D5B1600FA8373 /* Services */,
				50FEF016284D58A200FA8373 /* Repositories */,
				50FEF015284D589A00FA8373 /* ViewModels */,
				50FEF014284D588F00FA8373 /* Views */,
				505D848D2842D57900AEC836 /* StickiesApp.swift */,
				505D84962842D57D00AEC836 /* Info.plist */,
				505D84912842D57D00AEC836 /* Assets.xcassets */,
				505D84932842D57D00AEC836 /* Preview Content */,
			);
			path = Stickies;
			sourceTree = "<group>";
		};
		505D84932842D57D00AEC836 /* Preview Content */ = {
			isa = PBXGroup;
			children = (
				505D84942842D57D00AEC836 /* Preview Assets.xcassets */,
			);
			path = "Preview Content";
			sourceTree = "<group>";
		};
		50CC08B6284EB3CD00678A3E /* DataModel */ = {
			isa = PBXGroup;
			children = (
				50CC08B2284EA7FA00678A3E /* DataController.swift */,
				50CC08AF284EA70500678A3E /* DataModel.xcdatamodeld */,
			);
			path = DataModel;
			sourceTree = "<group>";
		};
		50FEF014284D588F00FA8373 /* Views */ = {
			isa = PBXGroup;
			children = (
				50CC08B4284EAF1B00678A3E /* CardFront.swift */,
				50FEF018284D594600FA8373 /* CardBack.swift */,
				50FEF01B284D594600FA8373 /* AspectListView.swift */,
				50FEF019284D594600FA8373 /* CardView.swift */,
				50FEF01A284D594600FA8373 /* StickiesView.swift */,
				5060F52A285D187A004E9142 /* AddCardView.swift */,
			);
			path = Views;
			sourceTree = "<group>";
		};
		50FEF015284D589A00FA8373 /* ViewModels */ = {
			isa = PBXGroup;
			children = (
			);
			path = ViewModels;
			sourceTree = "<group>";
		};
		50FEF016284D58A200FA8373 /* Repositories */ = {
			isa = PBXGroup;
			children = (
			);
			path = Repositories;
			sourceTree = "<group>";
		};
		50FEF020284D5B1600FA8373 /* Services */ = {
			isa = PBXGroup;
			children = (
			);
			path = Services;
			sourceTree = "<group>";
		};
/* End PBXGroup section */

/* Begin PBXNativeTarget section */
		505D84892842D57900AEC836 /* Stickies */ = {
			isa = PBXNativeTarget;
			buildConfigurationList = 505D84992842D57D00AEC836 /* Build configuration list for PBXNativeTarget "Stickies" */;
			buildPhases = (
				505D84862842D57900AEC836 /* Sources */,
				505D84872842D57900AEC836 /* Frameworks */,
				505D84882842D57900AEC836 /* Resources */,
			);
			buildRules = (
			);
			dependencies = (
			);
			name = Stickies;
			productName = Stickies;
			productReference = 505D848A2842D57900AEC836 /* Stickies.app */;
			productType = "com.apple.product-type.application";
		};
/* End PBXNativeTarget section */

/* Begin PBXProject section */
		505D84822842D57900AEC836 /* Project object */ = {
			isa = PBXProject;
			attributes = {
				LastSwiftUpdateCheck = 1250;
				LastUpgradeCheck = 1250;
				TargetAttributes = {
					505D84892842D57900AEC836 = {
						CreatedOnToolsVersion = 12.5.1;
					};
				};
			};
			buildConfigurationList = 505D84852842D57900AEC836 /* Build configuration list for PBXProject "Stickies" */;
			compatibilityVersion = "Xcode 9.3";
			developmentRegion = en;
			hasScannedForEncodings = 0;
			knownRegions = (
				en,
				Base,
			);
			mainGroup = 505D84812842D57900AEC836;
			productRefGroup = 505D848B2842D57900AEC836 /* Products */;
			projectDirPath = "";
			projectRoot = "";
			targets = (
				505D84892842D57900AEC836 /* Stickies */,
			);
		};
/* End PBXProject section */

/* Begin PBXResourcesBuildPhase section */
		505D84882842D57900AEC836 /* Resources */ = {
			isa = PBXResourcesBuildPhase;
			buildActionMask = 2147483647;
			files = (
				505D84952842D57D00AEC836 /* Preview Assets.xcassets in Resources */,
				505D84922842D57D00AEC836 /* Assets.xcassets in Resources */,
			);
			runOnlyForDeploymentPostprocessing = 0;
		};
/* End PBXResourcesBuildPhase section */

/* Begin PBXSourcesBuildPhase section */
		505D84862842D57900AEC836 /* Sources */ = {
			isa = PBXSourcesBuildPhase;
			buildActionMask = 2147483647;
			files = (
				50FEF01F284D594700FA8373 /* AspectListView.swift in Sources */,
				50CC08B5284EAF1B00678A3E /* CardFront.swift in Sources */,
				50FEF01C284D594600FA8373 /* CardBack.swift in Sources */,
				50CC08B3284EA7FA00678A3E /* DataController.swift in Sources */,
				50FEF01D284D594700FA8373 /* CardView.swift in Sources */,
				50CC08B1284EA70500678A3E /* DataModel.xcdatamodeld in Sources */,
				505D848E2842D57900AEC836 /* StickiesApp.swift in Sources */,
				50FEF01E284D594700FA8373 /* StickiesView.swift in Sources */,
				5060F52B285D187A004E9142 /* AddCardView.swift in Sources */,
			);
			runOnlyForDeploymentPostprocessing = 0;
		};
/* End PBXSourcesBuildPhase section */

/* Begin XCBuildConfiguration section */
		505D84972842D57D00AEC836 /* Debug */ = {
			isa = XCBuildConfiguration;
			buildSettings = {
				ALWAYS_SEARCH_USER_PATHS = NO;
				CLANG_ANALYZER_NONNULL = YES;
				CLANG_ANALYZER_NUMBER_OBJECT_CONVERSION = YES_AGGRESSIVE;
				CLANG_CXX_LANGUAGE_STANDARD = "gnu++14";
				CLANG_CXX_LIBRARY = "libc++";
				CLANG_ENABLE_MODULES = YES;
				CLANG_ENABLE_OBJC_ARC = YES;
				CLANG_ENABLE_OBJC_WEAK = YES;
				CLANG_WARN_BLOCK_CAPTURE_AUTORELEASING = YES;
				CLANG_WARN_BOOL_CONVERSION = YES;
				CLANG_WARN_COMMA = YES;
				CLANG_WARN_CONSTANT_CONVERSION = YES;
				CLANG_WARN_DEPRECATED_OBJC_IMPLEMENTATIONS = YES;
				CLANG_WARN_DIRECT_OBJC_ISA_USAGE = YES_ERROR;
				CLANG_WARN_DOCUMENTATION_COMMENTS = YES;
				CLANG_WARN_EMPTY_BODY = YES;
				CLANG_WARN_ENUM_CONVERSION = YES;
				CLANG_WARN_INFINITE_RECURSION = YES;
				CLANG_WARN_INT_CONVERSION = YES;
				CLANG_WARN_NON_LITERAL_NULL_CONVERSION = YES;
				CLANG_WARN_OBJC_IMPLICIT_RETAIN_SELF = YES;
				CLANG_WARN_OBJC_LITERAL_CONVERSION = YES;
				CLANG_WARN_OBJC_ROOT_CLASS = YES_ERROR;
				CLANG_WARN_QUOTED_INCLUDE_IN_FRAMEWORK_HEADER = YES;
				CLANG_WARN_RANGE_LOOP_ANALYSIS = YES;
				CLANG_WARN_STRICT_PROTOTYPES = YES;
				CLANG_WARN_SUSPICIOUS_MOVE = YES;
				CLANG_WARN_UNGUARDED_AVAILABILITY = YES_AGGRESSIVE;
				CLANG_WARN_UNREACHABLE_CODE = YES;
				CLANG_WARN__DUPLICATE_METHOD_MATCH = YES;
				COPY_PHASE_STRIP = NO;
				DEBUG_INFORMATION_FORMAT = dwarf;
				ENABLE_STRICT_OBJC_MSGSEND = YES;
				ENABLE_TESTABILITY = YES;
				GCC_C_LANGUAGE_STANDARD = gnu11;
				GCC_DYNAMIC_NO_PIC = NO;
				GCC_NO_COMMON_BLOCKS = YES;
				GCC_OPTIMIZATION_LEVEL = 0;
				GCC_PREPROCESSOR_DEFINITIONS = (
					"DEBUG=1",
					"$(inherited)",
				);
				GCC_WARN_64_TO_32_BIT_CONVERSION = YES;
				GCC_WARN_ABOUT_RETURN_TYPE = YES_ERROR;
				GCC_WARN_UNDECLARED_SELECTOR = YES;
				GCC_WARN_UNINITIALIZED_AUTOS = YES_AGGRESSIVE;
				GCC_WARN_UNUSED_FUNCTION = YES;
				GCC_WARN_UNUSED_VARIABLE = YES;
				IPHONEOS_DEPLOYMENT_TARGET = 14.5;
				MTL_ENABLE_DEBUG_INFO = INCLUDE_SOURCE;
				MTL_FAST_MATH = YES;
				ONLY_ACTIVE_ARCH = YES;
				SDKROOT = iphoneos;
				SWIFT_ACTIVE_COMPILATION_CONDITIONS = DEBUG;
				SWIFT_OPTIMIZATION_LEVEL = "-Onone";
			};
			name = Debug;
		};
		505D84982842D57D00AEC836 /* Release */ = {
			isa = XCBuildConfiguration;
			buildSettings = {
				ALWAYS_SEARCH_USER_PATHS = NO;
				CLANG_ANALYZER_NONNULL = YES;
				CLANG_ANALYZER_NUMBER_OBJECT_CONVERSION = YES_AGGRESSIVE;
				CLANG_CXX_LANGUAGE_STANDARD = "gnu++14";
				CLANG_CXX_LIBRARY = "libc++";
				CLANG_ENABLE_MODULES = YES;
				CLANG_ENABLE_OBJC_ARC = YES;
				CLANG_ENABLE_OBJC_WEAK = YES;
				CLANG_WARN_BLOCK_CAPTURE_AUTORELEASING = YES;
				CLANG_WARN_BOOL_CONVERSION = YES;
				CLANG_WARN_COMMA = YES;
				CLANG_WARN_CONSTANT_CONVERSION = YES;
				CLANG_WARN_DEPRECATED_OBJC_IMPLEMENTATIONS = YES;
				CLANG_WARN_DIRECT_OBJC_ISA_USAGE = YES_ERROR;
				CLANG_WARN_DOCUMENTATION_COMMENTS = YES;
				CLANG_WARN_EMPTY_BODY = YES;
				CLANG_WARN_ENUM_CONVERSION = YES;
				CLANG_WARN_INFINITE_RECURSION = YES;
				CLANG_WARN_INT_CONVERSION = YES;
				CLANG_WARN_NON_LITERAL_NULL_CONVERSION = YES;
				CLANG_WARN_OBJC_IMPLICIT_RETAIN_SELF = YES;
				CLANG_WARN_OBJC_LITERAL_CONVERSION = YES;
				CLANG_WARN_OBJC_ROOT_CLASS = YES_ERROR;
				CLANG_WARN_QUOTED_INCLUDE_IN_FRAMEWORK_HEADER = YES;
				CLANG_WARN_RANGE_LOOP_ANALYSIS = YES;
				CLANG_WARN_STRICT_PROTOTYPES = YES;
				CLANG_WARN_SUSPICIOUS_MOVE = YES;
				CLANG_WARN_UNGUARDED_AVAILABILITY = YES_AGGRESSIVE;
				CLANG_WARN_UNREACHABLE_CODE = YES;
				CLANG_WARN__DUPLICATE_METHOD_MATCH = YES;
				COPY_PHASE_STRIP = NO;
				DEBUG_INFORMATION_FORMAT = "dwarf-with-dsym";
				ENABLE_NS_ASSERTIONS = NO;
				ENABLE_STRICT_OBJC_MSGSEND = YES;
				GCC_C_LANGUAGE_STANDARD = gnu11;
				GCC_NO_COMMON_BLOCKS = YES;
				GCC_WARN_64_TO_32_BIT_CONVERSION = YES;
				GCC_WARN_ABOUT_RETURN_TYPE = YES_ERROR;
				GCC_WARN_UNDECLARED_SELECTOR = YES;
				GCC_WARN_UNINITIALIZED_AUTOS = YES_AGGRESSIVE;
				GCC_WARN_UNUSED_FUNCTION = YES;
				GCC_WARN_UNUSED_VARIABLE = YES;
				IPHONEOS_DEPLOYMENT_TARGET = 14.5;
				MTL_ENABLE_DEBUG_INFO = NO;
				MTL_FAST_MATH = YES;
				SDKROOT = iphoneos;
				SWIFT_COMPILATION_MODE = wholemodule;
				SWIFT_OPTIMIZATION_LEVEL = "-O";
				VALIDATE_PRODUCT = YES;
			};
			name = Release;
		};
		505D849A2842D57D00AEC836 /* Debug */ = {
			isa = XCBuildConfiguration;
			buildSettings = {
				ASSETCATALOG_COMPILER_APPICON_NAME = AppIcon;
				ASSETCATALOG_COMPILER_GLOBAL_ACCENT_COLOR_NAME = AccentColor;
				CODE_SIGN_IDENTITY = "iPhone Developer";
				CODE_SIGN_STYLE = Automatic;
				DEVELOPMENT_ASSET_PATHS = "\"Stickies/Preview Content\"";
				DEVELOPMENT_TEAM = 27MAHLJV74;
				ENABLE_PREVIEWS = YES;
				INFOPLIST_FILE = Stickies/Info.plist;
				IPHONEOS_DEPLOYMENT_TARGET = 14.0;
				LD_RUNPATH_SEARCH_PATHS = (
					"$(inherited)",
					"@executable_path/Frameworks",
				);
				PRODUCT_BUNDLE_IDENTIFIER = com.stickies;
				PRODUCT_NAME = "$(TARGET_NAME)";
				PROVISIONING_PROFILE_SPECIFIER = "";
				SWIFT_VERSION = 5.0;
				TARGETED_DEVICE_FAMILY = "1,2";
			};
			name = Debug;
		};
		505D849B2842D57D00AEC836 /* Release */ = {
			isa = XCBuildConfiguration;
			buildSettings = {
				ASSETCATALOG_COMPILER_APPICON_NAME = AppIcon;
				ASSETCATALOG_COMPILER_GLOBAL_ACCENT_COLOR_NAME = AccentColor;
				CODE_SIGN_IDENTITY = "iPhone Developer";
				CODE_SIGN_STYLE = Automatic;
				DEVELOPMENT_ASSET_PATHS = "\"Stickies/Preview Content\"";
				DEVELOPMENT_TEAM = 27MAHLJV74;
				ENABLE_PREVIEWS = YES;
				INFOPLIST_FILE = Stickies/Info.plist;
				IPHONEOS_DEPLOYMENT_TARGET = 14.0;
				LD_RUNPATH_SEARCH_PATHS = (
					"$(inherited)",
					"@executable_path/Frameworks",
				);
				PRODUCT_BUNDLE_IDENTIFIER = com.stickies;
				PRODUCT_NAME = "$(TARGET_NAME)";
				PROVISIONING_PROFILE_SPECIFIER = "";
				SWIFT_VERSION = 5.0;
				TARGETED_DEVICE_FAMILY = "1,2";
			};
			name = Release;
		};
/* End XCBuildConfiguration section */

/* Begin XCConfigurationList section */
		505D84852842D57900AEC836 /* Build configuration list for PBXProject "Stickies" */ = {
			isa = XCConfigurationList;
			buildConfigurations = (
				505D84972842D57D00AEC836 /* Debug */,
				505D84982842D57D00AEC836 /* Release */,
			);
			defaultConfigurationIsVisible = 0;
			defaultConfigurationName = Release;
		};
		505D84992842D57D00AEC836 /* Build configuration list for PBXNativeTarget "Stickies" */ = {
			isa = XCConfigurationList;
			buildConfigurations = (
				505D849A2842D57D00AEC836 /* Debug */,
				505D849B2842D57D00AEC836 /* Release */,
			);
			defaultConfigurationIsVisible = 0;
			defaultConfigurationName = Release;
		};
/* End XCConfigurationList section */

/* Begin XCVersionGroup section */
		50CC08AF284EA70500678A3E /* DataModel.xcdatamodeld */ = {
			isa = XCVersionGroup;
			children = (
				50CC08B0284EA70500678A3E /* DataModel.xcdatamodel */,
			);
			currentVersion = 50CC08B0284EA70500678A3E /* DataModel.xcdatamodel */;
			path = DataModel.xcdatamodeld;
			sourceTree = "<group>";
			versionGroupType = wrapper.xcdatamodel;
		};
/* End XCVersionGroup section */
	};
	rootObject = 505D84822842D57900AEC836 /* Project object */;
}
